
Microsoft Visual Studio Solution File, Format Version 12.00
# Visual Studio 15
VisualStudioVersion = 15.0.28307.438
MinimumVisualStudioVersion = 10.0.40219.1
Project("{FAE04EC0-301F-11D3-BF4B-00C04F79EFBC}") = "mono-shared", "mono-shared\mono-shared.csproj", "{B81E4002-FEA8-47C1-8788-D831469DC62E}"
EndProject
Global
	GlobalSection(SolutionConfigurationPlatforms) = preSolution
		Debug|x86 = Debug|x86
		Release|x86 = Release|x86
	EndGlobalSection
	GlobalSection(ProjectConfigurationPlatforms) = postSolution
		{B81E4002-FEA8-47C1-8788-D831469DC62E}.Debug|x86.ActiveCfg = Debug|x86
		{B81E4002-FEA8-47C1-8788-D831469DC62E}.Debug|x86.Build.0 = Debug|x86
		{B81E4002-FEA8-47C1-8788-D831469DC62E}.Release|x86.ActiveCfg = Release|x86
		{B81E4002-FEA8-47C1-8788-D831469DC62E}.Release|x86.Build.0 = Release|x86
	EndGlobalSection
	GlobalSection(SolutionProperties) = preSolution
		HideSolutionNode = FALSE
	EndGlobalSection
	GlobalSection(ExtensibilityGlobals) = postSolution
		SolutionGuid = {1BB98B8A-354D-4827-A7FD-7EF3E01C0D29}
	EndGlobalSection
EndGlobal
